
Microsoft Visual Studio Solution File, Format Version 12.00
# Visual Studio Version 17
VisualStudioVersion = 17.4.33403.182
MinimumVisualStudioVersion = 10.0.40219.1
Project("{9A19103F-16F7-4668-BE54-9A1E7A4F7556}") = "Instagram", "Instagram\Instagram.csproj", "{B01BCEB2-C7E8-4540-881A-2062D448242D}"
EndProject
Project("{9A19103F-16F7-4668-BE54-9A1E7A4F7556}") = "XUnitTest", "XUnitTest\XUnitTest.csproj", "{A199B0F6-A9F0-4463-9B96-6F2045782FA0}"
EndProject
Global
	GlobalSection(SolutionConfigurationPlatforms) = preSolution
		Debug|Any CPU = Debug|Any CPU
		Release|Any CPU = Release|Any CPU
	EndGlobalSection
	GlobalSection(ProjectConfigurationPlatforms) = postSolution
		{B01BCEB2-C7E8-4540-881A-2062D448242D}.Debug|Any CPU.ActiveCfg = Debug|Any CPU
		{B01BCEB2-C7E8-4540-881A-2062D448242D}.Debug|Any CPU.Build.0 = Debug|Any CPU
		{B01BCEB2-C7E8-4540-881A-2062D448242D}.Release|Any CPU.ActiveCfg = Release|Any CPU
		{B01BCEB2-C7E8-4540-881A-2062D448242D}.Release|Any CPU.Build.0 = Release|Any CPU
		{A199B0F6-A9F0-4463-9B96-6F2045782FA0}.Debug|Any CPU.ActiveCfg = Debug|Any CPU
		{A199B0F6-A9F0-4463-9B96-6F2045782FA0}.Debug|Any CPU.Build.0 = Debug|Any CPU
		{A199B0F6-A9F0-4463-9B96-6F2045782FA0}.Release|Any CPU.ActiveCfg = Release|Any CPU
		{A199B0F6-A9F0-4463-9B96-6F2045782FA0}.Release|Any CPU.Build.0 = Release|Any CPU
	EndGlobalSection
	GlobalSection(SolutionProperties) = preSolution
		HideSolutionNode = FALSE
	EndGlobalSection
	GlobalSection(ExtensibilityGlobals) = postSolution
		SolutionGuid = {129742C7-F17F-494F-92B9-BC6DECE9C823}
	EndGlobalSection
EndGlobal
